// !$*UTF8*$!
{
	archiveVersion = 1;
	classes = {
	};
	objectVersion = 77;
	objects = {

/* Begin PBXBuildFile section */
		0D249B9FCC67B2E7D3986275 /* LifeOSMainView.swift in Sources */ = {isa = PBXBuildFile; fileRef = 3B068A18149358C2453722D3 /* LifeOSMainView.swift */; };
		2733A3AF146E463771A4C6BB /* InboxStore.swift in Sources */ = {isa = PBXBuildFile; fileRef = 1540CFDD3A48A69EEDD013C2 /* InboxStore.swift */; };
		40CD643E8CC3F9474D20AF46 /* InboxItem.swift in Sources */ = {isa = PBXBuildFile; fileRef = 7B856AE34114D3F24B789576 /* InboxItem.swift */; };
		5B5A4D7D37440EDEC547FAEF /* LoginView.swift in Sources */ = {isa = PBXBuildFile; fileRef = 351B85528D3BED6E9A9DE573 /* LoginView.swift */; };
		6A774FA96B04F56930DEE13E /* InboxListView.swift in Sources */ = {isa = PBXBuildFile; fileRef = 59E86585856E4505CB0313E8 /* InboxListView.swift */; };
		722B27C58161591D34D2C32D /* LifeOSRootView.swift in Sources */ = {isa = PBXBuildFile; fileRef = 5302A7D3BE33D87A21A3B672 /* LifeOSRootView.swift */; };
		7865B2595E1001A44E4063FB /* SupabaseConfiguration.swift in Sources */ = {isa = PBXBuildFile; fileRef = 4A1C4BA41CC4373A2111B5E9 /* SupabaseConfiguration.swift */; };
		7A7CE86A1F10141A6595BF4A /* LifeOSApp.swift in Sources */ = {isa = PBXBuildFile; fileRef = E30CFAE8C8819938931A8C88 /* LifeOSApp.swift */; };
		7BF7FB4F3624DDBF1794A3C7 /* InboxItemTests.swift in Sources */ = {isa = PBXBuildFile; fileRef = E007A8CAE95409C79B607928 /* InboxItemTests.swift */; };
		EE05A302324AC7A4A52D7D2C /* SessionStore.swift in Sources */ = {isa = PBXBuildFile; fileRef = 2C4C8DD3C2183D123ECFF56C /* SessionStore.swift */; };
		FA76E2E16F8ECA045D011979 /* Supabase in Frameworks */ = {isa = PBXBuildFile; productRef = 5DB17F9CB194B64AA68A3CEE /* Supabase */; };
/* End PBXBuildFile section */

/* Begin PBXContainerItemProxy section */
		D5E8EA36E919372C49B2A420 /* PBXContainerItemProxy */ = {
			isa = PBXContainerItemProxy;
			containerPortal = 98645262B9197BD6057E1C1C /* Project object */;
			proxyType = 1;
			remoteGlobalIDString = AD5DB9344CDCD6867ABB9D4E;
			remoteInfo = LifeOS;
		};
/* End PBXContainerItemProxy section */

/* Begin PBXFileReference section */
		1540CFDD3A48A69EEDD013C2 /* InboxStore.swift */ = {isa = PBXFileReference; lastKnownFileType = sourcecode.swift; path = InboxStore.swift; sourceTree = "<group>"; };
		2C4C8DD3C2183D123ECFF56C /* SessionStore.swift */ = {isa = PBXFileReference; lastKnownFileType = sourcecode.swift; path = SessionStore.swift; sourceTree = "<group>"; };
		351B85528D3BED6E9A9DE573 /* LoginView.swift */ = {isa = PBXFileReference; lastKnownFileType = sourcecode.swift; path = LoginView.swift; sourceTree = "<group>"; };
		3B068A18149358C2453722D3 /* LifeOSMainView.swift */ = {isa = PBXFileReference; lastKnownFileType = sourcecode.swift; path = LifeOSMainView.swift; sourceTree = "<group>"; };
		4A1C4BA41CC4373A2111B5E9 /* SupabaseConfiguration.swift */ = {isa = PBXFileReference; lastKnownFileType = sourcecode.swift; path = SupabaseConfiguration.swift; sourceTree = "<group>"; };
		5302A7D3BE33D87A21A3B672 /* LifeOSRootView.swift */ = {isa = PBXFileReference; lastKnownFileType = sourcecode.swift; path = LifeOSRootView.swift; sourceTree = "<group>"; };
		59E86585856E4505CB0313E8 /* InboxListView.swift */ = {isa = PBXFileReference; lastKnownFileType = sourcecode.swift; path = InboxListView.swift; sourceTree = "<group>"; };
		7B856AE34114D3F24B789576 /* InboxItem.swift */ = {isa = PBXFileReference; lastKnownFileType = sourcecode.swift; path = InboxItem.swift; sourceTree = "<group>"; };
		A7B67B4E5EECE53252F9B882 /* LifeOSTests.xctest */ = {isa = PBXFileReference; explicitFileType = wrapper.cfbundle; includeInIndex = 0; path = LifeOSTests.xctest; sourceTree = BUILT_PRODUCTS_DIR; };
		C0C5C7183B2BCBE3FD0D07B3 /* Info.plist */ = {isa = PBXFileReference; lastKnownFileType = text.plist; path = Info.plist; sourceTree = "<group>"; };
		D802C37E12A6ABA86B78E5BC /* Release.xcconfig */ = {isa = PBXFileReference; lastKnownFileType = text.xcconfig; path = Release.xcconfig; sourceTree = "<group>"; };
		E007A8CAE95409C79B607928 /* InboxItemTests.swift */ = {isa = PBXFileReference; lastKnownFileType = sourcecode.swift; path = InboxItemTests.swift; sourceTree = "<group>"; };
		E30CFAE8C8819938931A8C88 /* LifeOSApp.swift */ = {isa = PBXFileReference; lastKnownFileType = sourcecode.swift; path = LifeOSApp.swift; sourceTree = "<group>"; };
		E865D330E9C7C91599A676D7 /* LifeOS.app */ = {isa = PBXFileReference; includeInIndex = 0; lastKnownFileType = wrapper.application; path = LifeOS.app; sourceTree = BUILT_PRODUCTS_DIR; };
		F7A0304FB5FAF95F953EFD7D /* Debug.xcconfig */ = {isa = PBXFileReference; lastKnownFileType = text.xcconfig; path = Debug.xcconfig; sourceTree = "<group>"; };
/* End PBXFileReference section */

/* Begin PBXFrameworksBuildPhase section */
		8139E3C33608AB564F113C57 /* Frameworks */ = {
			isa = PBXFrameworksBuildPhase;
			buildActionMask = 2147483647;
			files = (
				FA76E2E16F8ECA045D011979 /* Supabase in Frameworks */,
			);
			runOnlyForDeploymentPostprocessing = 0;
		};
/* End PBXFrameworksBuildPhase section */

/* Begin PBXGroup section */
		041D260B3D28B122FCD147FF /* Tests */ = {
			isa = PBXGroup;
			children = (
				E007A8CAE95409C79B607928 /* InboxItemTests.swift */,
			);
			path = Tests;
			sourceTree = "<group>";
		};
		3D3C9864F20E337B3C4D8CDC /* Resources */ = {
			isa = PBXGroup;
			children = (
				C0C5C7183B2BCBE3FD0D07B3 /* Info.plist */,
			);
			path = Resources;
			sourceTree = "<group>";
		};
		43C3852FD7B988F8D09F753E /* Configuration */ = {
			isa = PBXGroup;
			children = (
				F7A0304FB5FAF95F953EFD7D /* Debug.xcconfig */,
				D802C37E12A6ABA86B78E5BC /* Release.xcconfig */,
			);
			path = Configuration;
			sourceTree = "<group>";
		};
		5F7159788B72576A88A2A57E /* Features */ = {
			isa = PBXGroup;
			children = (
				FF1076D84BAA80406F693812 /* Auth */,
				BF141346A6625880A31ABE3A /* Inbox */,
			);
			path = Features;
			sourceTree = "<group>";
		};
		69C0B6C8151A43716AB028F5 /* Sources */ = {
			isa = PBXGroup;
			children = (
				EC450F6BB8C01864E411317C /* App */,
				84E3100BD2F9EFA70AD3D706 /* Core */,
				5F7159788B72576A88A2A57E /* Features */,
				3D3C9864F20E337B3C4D8CDC /* Resources */,
			);
			path = Sources;
			sourceTree = "<group>";
		};
		6BBD885734BE07D038423D8A /* Products */ = {
			isa = PBXGroup;
			children = (
				E865D330E9C7C91599A676D7 /* LifeOS.app */,
				A7B67B4E5EECE53252F9B882 /* LifeOSTests.xctest */,
			);
			name = Products;
			sourceTree = "<group>";
		};
		829AC908D5B6DBCA8F79792D /* Supabase */ = {
			isa = PBXGroup;
			children = (
				4A1C4BA41CC4373A2111B5E9 /* SupabaseConfiguration.swift */,
			);
			path = Supabase;
			sourceTree = "<group>";
		};
		84E3100BD2F9EFA70AD3D706 /* Core */ = {
			isa = PBXGroup;
			children = (
				829AC908D5B6DBCA8F79792D /* Supabase */,
			);
			path = Core;
			sourceTree = "<group>";
		};
		BF141346A6625880A31ABE3A /* Inbox */ = {
			isa = PBXGroup;
			children = (
				7B856AE34114D3F24B789576 /* InboxItem.swift */,
				59E86585856E4505CB0313E8 /* InboxListView.swift */,
				1540CFDD3A48A69EEDD013C2 /* InboxStore.swift */,
			);
			path = Inbox;
			sourceTree = "<group>";
		};
		E3E864CA5403ADA09E1B3C4A = {
			isa = PBXGroup;
			children = (
				43C3852FD7B988F8D09F753E /* Configuration */,
				69C0B6C8151A43716AB028F5 /* Sources */,
				041D260B3D28B122FCD147FF /* Tests */,
				6BBD885734BE07D038423D8A /* Products */,
			);
			sourceTree = "<group>";
		};
		EC450F6BB8C01864E411317C /* App */ = {
			isa = PBXGroup;
			children = (
				E30CFAE8C8819938931A8C88 /* LifeOSApp.swift */,
				3B068A18149358C2453722D3 /* LifeOSMainView.swift */,
				5302A7D3BE33D87A21A3B672 /* LifeOSRootView.swift */,
			);
			path = App;
			sourceTree = "<group>";
		};
		FF1076D84BAA80406F693812 /* Auth */ = {
			isa = PBXGroup;
			children = (
				351B85528D3BED6E9A9DE573 /* LoginView.swift */,
				2C4C8DD3C2183D123ECFF56C /* SessionStore.swift */,
			);
			path = Auth;
			sourceTree = "<group>";
		};
/* End PBXGroup section */

/* Begin PBXNativeTarget section */
		AD5DB9344CDCD6867ABB9D4E /* LifeOS */ = {
			isa = PBXNativeTarget;
			buildConfigurationList = CF739040176A16175E0B5AE2 /* Build configuration list for PBXNativeTarget "LifeOS" */;
			buildPhases = (
				FC4407E4CCF14240FD08AF3D /* Sources */,
				8139E3C33608AB564F113C57 /* Frameworks */,
			);
			buildRules = (
			);
			dependencies = (
			);
			name = LifeOS;
			packageProductDependencies = (
				5DB17F9CB194B64AA68A3CEE /* Supabase */,
			);
			productName = LifeOS;
			productReference = E865D330E9C7C91599A676D7 /* LifeOS.app */;
			productType = "com.apple.product-type.application";
		};
		B6DC0030DCD7D810745068F6 /* LifeOSTests */ = {
			isa = PBXNativeTarget;
			buildConfigurationList = 247914A072CBD281CD338E5E /* Build configuration list for PBXNativeTarget "LifeOSTests" */;
			buildPhases = (
				D03757CBEFA78CB7E3BD7900 /* Sources */,
			);
			buildRules = (
			);
			dependencies = (
				CCEEA3F472B0DA6ACDEE6BB7 /* PBXTargetDependency */,
			);
			name = LifeOSTests;
			packageProductDependencies = (
			);
			productName = LifeOSTests;
			productReference = A7B67B4E5EECE53252F9B882 /* LifeOSTests.xctest */;
			productType = "com.apple.product-type.bundle.unit-test";
		};
/* End PBXNativeTarget section */

/* Begin PBXProject section */
		98645262B9197BD6057E1C1C /* Project object */ = {
			isa = PBXProject;
			attributes = {
				BuildIndependentTargetsInParallel = YES;
				LastUpgradeCheck = 1430;
				TargetAttributes = {
				};
			};
			buildConfigurationList = 24DF66001BD257C948B118A1 /* Build configuration list for PBXProject "LifeOS" */;
			developmentRegion = en;
			hasScannedForEncodings = 0;
			knownRegions = (
				Base,
				en,
			);
			mainGroup = E3E864CA5403ADA09E1B3C4A;
			minimizedProjectReferenceProxies = 1;
			packageReferences = (
				90734163274B98F620677EF9 /* XCRemoteSwiftPackageReference "supabase-swift" */,
			);
			preferredProjectObjectVersion = 77;
			productRefGroup = 6BBD885734BE07D038423D8A /* Products */;
			projectDirPath = "";
			projectRoot = "";
			targets = (
				AD5DB9344CDCD6867ABB9D4E /* LifeOS */,
				B6DC0030DCD7D810745068F6 /* LifeOSTests */,
			);
		};
/* End PBXProject section */

/* Begin PBXSourcesBuildPhase section */
		D03757CBEFA78CB7E3BD7900 /* Sources */ = {
			isa = PBXSourcesBuildPhase;
			buildActionMask = 2147483647;
			files = (
				7BF7FB4F3624DDBF1794A3C7 /* InboxItemTests.swift in Sources */,
			);
			runOnlyForDeploymentPostprocessing = 0;
		};
		FC4407E4CCF14240FD08AF3D /* Sources */ = {
			isa = PBXSourcesBuildPhase;
			buildActionMask = 2147483647;
			files = (
				40CD643E8CC3F9474D20AF46 /* InboxItem.swift in Sources */,
				6A774FA96B04F56930DEE13E /* InboxListView.swift in Sources */,
				2733A3AF146E463771A4C6BB /* InboxStore.swift in Sources */,
				7A7CE86A1F10141A6595BF4A /* LifeOSApp.swift in Sources */,
				0D249B9FCC67B2E7D3986275 /* LifeOSMainView.swift in Sources */,
				722B27C58161591D34D2C32D /* LifeOSRootView.swift in Sources */,
				5B5A4D7D37440EDEC547FAEF /* LoginView.swift in Sources */,
				EE05A302324AC7A4A52D7D2C /* SessionStore.swift in Sources */,
				7865B2595E1001A44E4063FB /* SupabaseConfiguration.swift in Sources */,
			);
			runOnlyForDeploymentPostprocessing = 0;
		};
/* End PBXSourcesBuildPhase section */

/* Begin PBXTargetDependency section */
		CCEEA3F472B0DA6ACDEE6BB7 /* PBXTargetDependency */ = {
			isa = PBXTargetDependency;
			target = AD5DB9344CDCD6867ABB9D4E /* LifeOS */;
			targetProxy = D5E8EA36E919372C49B2A420 /* PBXContainerItemProxy */;
		};
/* End PBXTargetDependency section */

/* Begin XCBuildConfiguration section */
		092C4502900BF23E2898CB24 /* Debug */ = {
			isa = XCBuildConfiguration;
			baseConfigurationReference = F7A0304FB5FAF95F953EFD7D /* Debug.xcconfig */;
			buildSettings = {
				ASSETCATALOG_COMPILER_APPICON_NAME = AppIcon;
				ASSETCATALOG_COMPILER_GENERATE_SWIFT_ASSET_SYMBOL_EXTENSIONS = YES;
				CODE_SIGN_IDENTITY = "iPhone Developer";
				GENERATE_INFOPLIST_FILE = NO;
				INFOPLIST_FILE = Sources/Resources/Info.plist;
				LD_RUNPATH_SEARCH_PATHS = (
					"$(inherited)",
					"@executable_path/Frameworks",
				);
				PRODUCT_BUNDLE_IDENTIFIER = com.rlagywnd4.lifeos;
				PRODUCT_NAME = LifeOS;
				SDKROOT = auto;
				SUPPORTED_PLATFORMS = "iphoneos iphonesimulator macosx";
				SUPPORTS_MACCATALYST = NO;
				SUPPORTS_MAC_DESIGNED_FOR_IPHONE_IPAD = NO;
				SUPPORTS_XR_DESIGNED_FOR_IPHONE_IPAD = YES;
				SWIFT_ACTIVE_COMPILATION_CONDITIONS = DEBUG;
				SWIFT_VERSION = 6.0;
				TARGETED_DEVICE_FAMILY = "1,2";
			};
			name = Debug;
		};
		64FE656AAB2D633C7DA1C24C /* Debug */ = {
			isa = XCBuildConfiguration;
			buildSettings = {
				BUNDLE_LOADER = "$(TEST_HOST)";
				"BUNDLE_LOADER[sdk=macosx*]" = "$(TEST_HOST)";
				COMBINE_HIDPI_IMAGES = YES;
				GENERATE_INFOPLIST_FILE = YES;
				LD_RUNPATH_SEARCH_PATHS = (
					"$(inherited)",
					"@executable_path/../Frameworks",
					"@loader_path/../Frameworks",
				);
				PRODUCT_BUNDLE_IDENTIFIER = com.rlagywnd4.LifeOSTests;
				SDKROOT = macosx;
				TEST_HOST = "$(BUILT_PRODUCTS_DIR)/LifeOS.app/LifeOS";
				"TEST_HOST[sdk=macosx*]" = "$(BUILT_PRODUCTS_DIR)/LifeOS.app/Contents/MacOS/LifeOS";
			};
			name = Debug;
		};
		C61B578950EC2ABCE012D94B /* Release */ = {
			isa = XCBuildConfiguration;
			buildSettings = {
				ALWAYS_SEARCH_USER_PATHS = NO;
				CLANG_ANALYZER_NONNULL = YES;
				CLANG_ANALYZER_NUMBER_OBJECT_CONVERSION = YES_AGGRESSIVE;
				CLANG_CXX_LANGUAGE_STANDARD = "gnu++14";
				CLANG_CXX_LIBRARY = "libc++";
				CLANG_ENABLE_MODULES = YES;
				CLANG_ENABLE_OBJC_ARC = YES;
				CLANG_ENABLE_OBJC_WEAK = YES;
				CLANG_WARN_BLOCK_CAPTURE_AUTORELEASING = YES;
				CLANG_WARN_BOOL_CONVERSION = YES;
				CLANG_WARN_COMMA = YES;
				CLANG_WARN_CONSTANT_CONVERSION = YES;
				CLANG_WARN_DEPRECATED_OBJC_IMPLEMENTATIONS = YES;
				CLANG_WARN_DIRECT_OBJC_ISA_USAGE = YES_ERROR;
				CLANG_WARN_DOCUMENTATION_COMMENTS = YES;
				CLANG_WARN_EMPTY_BODY = YES;
				CLANG_WARN_ENUM_CONVERSION = YES;
				CLANG_WARN_INFINITE_RECURSION = YES;
				CLANG_WARN_INT_CONVERSION = YES;
				CLANG_WARN_NON_LITERAL_NULL_CONVERSION = YES;
				CLANG_WARN_OBJC_IMPLICIT_RETAIN_SELF = YES;
				CLANG_WARN_OBJC_LITERAL_CONVERSION = YES;
				CLANG_WARN_OBJC_ROOT_CLASS = YES_ERROR;
				CLANG_WARN_QUOTED_INCLUDE_IN_FRAMEWORK_HEADER = YES;
				CLANG_WARN_RANGE_LOOP_ANALYSIS = YES;
				CLANG_WARN_STRICT_PROTOTYPES = YES;
				CLANG_WARN_SUSPICIOUS_MOVE = YES;
				CLANG_WARN_UNGUARDED_AVAILABILITY = YES_AGGRESSIVE;
				CLANG_WARN_UNREACHABLE_CODE = YES;
				CLANG_WARN__DUPLICATE_METHOD_MATCH = YES;
				COPY_PHASE_STRIP = NO;
				DEBUG_INFORMATION_FORMAT = "dwarf-with-dsym";
				ENABLE_NS_ASSERTIONS = NO;
				ENABLE_STRICT_OBJC_MSGSEND = YES;
				GCC_C_LANGUAGE_STANDARD = gnu11;
				GCC_NO_COMMON_BLOCKS = YES;
				GCC_WARN_64_TO_32_BIT_CONVERSION = YES;
				GCC_WARN_ABOUT_RETURN_TYPE = YES_ERROR;
				GCC_WARN_UNDECLARED_SELECTOR = YES;
				GCC_WARN_UNINITIALIZED_AUTOS = YES_AGGRESSIVE;
				GCC_WARN_UNUSED_FUNCTION = YES;
				GCC_WARN_UNUSED_VARIABLE = YES;
				IPHONEOS_DEPLOYMENT_TARGET = 18.0;
				MACOSX_DEPLOYMENT_TARGET = 15.0;
				MTL_ENABLE_DEBUG_INFO = NO;
				MTL_FAST_MATH = YES;
				PRODUCT_NAME = "$(TARGET_NAME)";
				SWIFT_COMPILATION_MODE = wholemodule;
				SWIFT_OPTIMIZATION_LEVEL = "-O";
				SWIFT_VERSION = 5.0;
			};
			name = Release;
		};
		D82250F72DA7A5A6BB14E9FF /* Debug */ = {
			isa = XCBuildConfiguration;
			buildSettings = {
				ALWAYS_SEARCH_USER_PATHS = NO;
				CLANG_ANALYZER_NONNULL = YES;
				CLANG_ANALYZER_NUMBER_OBJECT_CONVERSION = YES_AGGRESSIVE;
				CLANG_CXX_LANGUAGE_STANDARD = "gnu++14";
				CLANG_CXX_LIBRARY = "libc++";
				CLANG_ENABLE_MODULES = YES;
				CLANG_ENABLE_OBJC_ARC = YES;
				CLANG_ENABLE_OBJC_WEAK = YES;
				CLANG_WARN_BLOCK_CAPTURE_AUTORELEASING = YES;
				CLANG_WARN_BOOL_CONVERSION = YES;
				CLANG_WARN_COMMA = YES;
				CLANG_WARN_CONSTANT_CONVERSION = YES;
				CLANG_WARN_DEPRECATED_OBJC_IMPLEMENTATIONS = YES;
				CLANG_WARN_DIRECT_OBJC_ISA_USAGE = YES_ERROR;
				CLANG_WARN_DOCUMENTATION_COMMENTS = YES;
				CLANG_WARN_EMPTY_BODY = YES;
				CLANG_WARN_ENUM_CONVERSION = YES;
				CLANG_WARN_INFINITE_RECURSION = YES;
				CLANG_WARN_INT_CONVERSION = YES;
				CLANG_WARN_NON_LITERAL_NULL_CONVERSION = YES;
				CLANG_WARN_OBJC_IMPLICIT_RETAIN_SELF = YES;
				CLANG_WARN_OBJC_LITERAL_CONVERSION = YES;
				CLANG_WARN_OBJC_ROOT_CLASS = YES_ERROR;
				CLANG_WARN_QUOTED_INCLUDE_IN_FRAMEWORK_HEADER = YES;
				CLANG_WARN_RANGE_LOOP_ANALYSIS = YES;
				CLANG_WARN_STRICT_PROTOTYPES = YES;
				CLANG_WARN_SUSPICIOUS_MOVE = YES;
				CLANG_WARN_UNGUARDED_AVAILABILITY = YES_AGGRESSIVE;
				CLANG_WARN_UNREACHABLE_CODE = YES;
				CLANG_WARN__DUPLICATE_METHOD_MATCH = YES;
				COPY_PHASE_STRIP = NO;
				DEBUG_INFORMATION_FORMAT = dwarf;
				ENABLE_STRICT_OBJC_MSGSEND = YES;
				ENABLE_TESTABILITY = YES;
				GCC_C_LANGUAGE_STANDARD = gnu11;
				GCC_DYNAMIC_NO_PIC = NO;
				GCC_NO_COMMON_BLOCKS = YES;
				GCC_OPTIMIZATION_LEVEL = 0;
				GCC_PREPROCESSOR_DEFINITIONS = (
					"$(inherited)",
					"DEBUG=1",
				);
				GCC_WARN_64_TO_32_BIT_CONVERSION = YES;
				GCC_WARN_ABOUT_RETURN_TYPE = YES_ERROR;
				GCC_WARN_UNDECLARED_SELECTOR = YES;
				GCC_WARN_UNINITIALIZED_AUTOS = YES_AGGRESSIVE;
				GCC_WARN_UNUSED_FUNCTION = YES;
				GCC_WARN_UNUSED_VARIABLE = YES;
				IPHONEOS_DEPLOYMENT_TARGET = 18.0;
				MACOSX_DEPLOYMENT_TARGET = 15.0;
				MTL_ENABLE_DEBUG_INFO = INCLUDE_SOURCE;
				MTL_FAST_MATH = YES;
				ONLY_ACTIVE_ARCH = YES;
				PRODUCT_NAME = "$(TARGET_NAME)";
				SWIFT_ACTIVE_COMPILATION_CONDITIONS = DEBUG;
				SWIFT_OPTIMIZATION_LEVEL = "-Onone";
				SWIFT_VERSION = 5.0;
			};
			name = Debug;
		};
		F04AE59505330E6A6EF74C68 /* Release */ = {
			isa = XCBuildConfiguration;
			baseConfigurationReference = D802C37E12A6ABA86B78E5BC /* Release.xcconfig */;
			buildSettings = {
				ASSETCATALOG_COMPILER_APPICON_NAME = AppIcon;
				ASSETCATALOG_COMPILER_GENERATE_SWIFT_ASSET_SYMBOL_EXTENSIONS = YES;
				CODE_SIGN_IDENTITY = "iPhone Developer";
				GENERATE_INFOPLIST_FILE = NO;
				INFOPLIST_FILE = Sources/Resources/Info.plist;
				LD_RUNPATH_SEARCH_PATHS = (
					"$(inherited)",
					"@executable_path/Frameworks",
				);
				PRODUCT_BUNDLE_IDENTIFIER = com.rlagywnd4.lifeos;
				PRODUCT_NAME = LifeOS;
				SDKROOT = auto;
				SUPPORTED_PLATFORMS = "iphoneos iphonesimulator macosx";
				SUPPORTS_MACCATALYST = NO;
				SUPPORTS_MAC_DESIGNED_FOR_IPHONE_IPAD = NO;
				SUPPORTS_XR_DESIGNED_FOR_IPHONE_IPAD = YES;
				SWIFT_VERSION = 6.0;
				TARGETED_DEVICE_FAMILY = "1,2";
			};
			name = Release;
		};
		F2D755F679F1F908E8173A39 /* Release */ = {
			isa = XCBuildConfiguration;
			buildSettings = {
				BUNDLE_LOADER = "$(TEST_HOST)";
				"BUNDLE_LOADER[sdk=macosx*]" = "$(TEST_HOST)";
				COMBINE_HIDPI_IMAGES = YES;
				GENERATE_INFOPLIST_FILE = YES;
				LD_RUNPATH_SEARCH_PATHS = (
					"$(inherited)",
					"@executable_path/../Frameworks",
					"@loader_path/../Frameworks",
				);
				PRODUCT_BUNDLE_IDENTIFIER = com.rlagywnd4.LifeOSTests;
				SDKROOT = macosx;
				TEST_HOST = "$(BUILT_PRODUCTS_DIR)/LifeOS.app/LifeOS";
				"TEST_HOST[sdk=macosx*]" = "$(BUILT_PRODUCTS_DIR)/LifeOS.app/Contents/MacOS/LifeOS";
			};
			name = Release;
		};
/* End XCBuildConfiguration section */

/* Begin XCConfigurationList section */
		247914A072CBD281CD338E5E /* Build configuration list for PBXNativeTarget "LifeOSTests" */ = {
			isa = XCConfigurationList;
			buildConfigurations = (
				64FE656AAB2D633C7DA1C24C /* Debug */,
				F2D755F679F1F908E8173A39 /* Release */,
			);
			defaultConfigurationIsVisible = 0;
			defaultConfigurationName = Debug;
		};
		24DF66001BD257C948B118A1 /* Build configuration list for PBXProject "LifeOS" */ = {
			isa = XCConfigurationList;
			buildConfigurations = (
				D82250F72DA7A5A6BB14E9FF /* Debug */,
				C61B578950EC2ABCE012D94B /* Release */,
			);
			defaultConfigurationIsVisible = 0;
			defaultConfigurationName = Debug;
		};
		CF739040176A16175E0B5AE2 /* Build configuration list for PBXNativeTarget "LifeOS" */ = {
			isa = XCConfigurationList;
			buildConfigurations = (
				092C4502900BF23E2898CB24 /* Debug */,
				F04AE59505330E6A6EF74C68 /* Release */,
			);
			defaultConfigurationIsVisible = 0;
			defaultConfigurationName = Debug;
		};
/* End XCConfigurationList section */

/* Begin XCRemoteSwiftPackageReference section */
		90734163274B98F620677EF9 /* XCRemoteSwiftPackageReference "supabase-swift" */ = {
			isa = XCRemoteSwiftPackageReference;
			repositoryURL = "https://github.com/supabase/supabase-swift.git";
			requirement = {
				kind = exactVersion;
				version = 2.46.0;
			};
		};
/* End XCRemoteSwiftPackageReference section */

/* Begin XCSwiftPackageProductDependency section */
		5DB17F9CB194B64AA68A3CEE /* Supabase */ = {
			isa = XCSwiftPackageProductDependency;
			package = 90734163274B98F620677EF9 /* XCRemoteSwiftPackageReference "supabase-swift" */;
			productName = Supabase;
		};
/* End XCSwiftPackageProductDependency section */
	};
	rootObject = 98645262B9197BD6057E1C1C /* Project object */;
}
